
Microsoft Visual Studio Solution File, Format Version 12.00
# Visual Studio Version 16
VisualStudioVersion = 16.0.32228.343
MinimumVisualStudioVersion = 10.0.40219.1
Project("{FAE04EC0-301F-11D3-BF4B-00C04F79EFBC}") = "ChatDemo", "ChatDemo\ChatDemo.csproj", "{47A3C967-A63C-4D87-81D0-9D8DD9F6D5BC}"
EndProject
Global
	GlobalSection(SolutionConfigurationPlatforms) = preSolution
		Debug|Any CPU = Debug|Any CPU
		Release|Any CPU = Release|Any CPU
	EndGlobalSection
	GlobalSection(ProjectConfigurationPlatforms) = postSolution
		{47A3C967-A63C-4D87-81D0-9D8DD9F6D5BC}.Debug|Any CPU.ActiveCfg = Debug|Any CPU
		{47A3C967-A63C-4D87-81D0-9D8DD9F6D5BC}.Debug|Any CPU.Build.0 = Debug|Any CPU
		{47A3C967-A63C-4D87-81D0-9D8DD9F6D5BC}.Release|Any CPU.ActiveCfg = Release|Any CPU
		{47A3C967-A63C-4D87-81D0-9D8DD9F6D5BC}.Release|Any CPU.Build.0 = Release|Any CPU
	EndGlobalSection
	GlobalSection(SolutionProperties) = preSolution
		HideSolutionNode = FALSE
	EndGlobalSection
	GlobalSection(ExtensibilityGlobals) = postSolution
		SolutionGuid = {3D7F8B37-DC4E-4F92-8D35-A4FA920016B6}
	EndGlobalSection
EndGlobal
